{
  "version": 4,
  "terraform_version": "1.3.5",
  "serial": 11,
  "lineage": "1b3d4a9d-ab22-9e4c-b0f0-0529e1eb265f",
  "outputs": {
    "nic_id": {
      "value": "/subscriptions/9111ac6a-7e88-4f94-82b3-fd50d8d4c99b/resourceGroups/rg-dev-resource-eus/providers/Microsoft.Network/networkInterfaces/project_nic",
      "type": "string"
    }
  },
  "resources": [
    {
      "mode": "data",
      "type": "azurerm_subnet",
      "name": "hub_subnet",
      "provider": "provider[\"registry.terraform.io/hashicorp/azurerm\"]",
      "instances": [
        {
          "schema_version": 0,
          "attributes": {
            "address_prefix": "172.3.1.0/24",
            "address_prefixes": [
              "172.3.1.0/24"
            ],
            "enforce_private_link_endpoint_network_policies": false,
            "enforce_private_link_service_network_policies": false,
            "id": "/subscriptions/9111ac6a-7e88-4f94-82b3-fd50d8d4c99b/resourceGroups/rg-dev-nw-eus-01/providers/Microsoft.Network/virtualNetworks/vnet-hub/subnets/snet-hub",
            "name": "snet-hub",
            "network_security_group_id": "",
            "private_endpoint_network_policies_enabled": true,
            "private_link_service_network_policies_enabled": true,
            "resource_group_name": "rg-dev-nw-eus-01",
            "route_table_id": "",
            "service_endpoints": [],
            "timeouts": null,
            "virtual_network_name": "vnet-hub"
          },
          "sensitive_attributes": []
        }
      ]
    },
    {
      "mode": "managed",
      "type": "azurerm_network_interface",
      "name": "nic",
      "provider": "provider[\"registry.terraform.io/hashicorp/azurerm\"]",
      "instances": [
        {
          "schema_version": 0,
          "attributes": {
            "applied_dns_servers": [],
            "dns_servers": [],
            "edge_zone": "",
            "enable_accelerated_networking": false,
            "enable_ip_forwarding": false,
            "id": "/subscriptions/9111ac6a-7e88-4f94-82b3-fd50d8d4c99b/resourceGroups/rg-dev-resource-eus/providers/Microsoft.Network/networkInterfaces/project_nic",
            "internal_dns_name_label": "",
            "internal_domain_name_suffix": "r50q4ddgbnauhnoh5flx24hhxb.bx.internal.cloudapp.net",
            "ip_configuration": [
              {
                "gateway_load_balancer_frontend_ip_configuration_id": "",
                "name": "ipconfig1",
                "primary": true,
                "private_ip_address": "172.3.1.4",
                "private_ip_address_allocation": "Dynamic",
                "private_ip_address_version": "IPv4",
                "public_ip_address_id": "/subscriptions/9111ac6a-7e88-4f94-82b3-fd50d8d4c99b/resourceGroups/rg-dev-resource-eus/providers/Microsoft.Network/publicIPAddresses/project_public_ip",
                "subnet_id": "/subscriptions/9111ac6a-7e88-4f94-82b3-fd50d8d4c99b/resourceGroups/rg-dev-nw-eus-01/providers/Microsoft.Network/virtualNetworks/vnet-hub/subnets/snet-hub"
              }
            ],
            "location": "eastus",
            "mac_address": "",
            "name": "project_nic",
            "private_ip_address": "172.3.1.4",
            "private_ip_addresses": [
              "172.3.1.4"
            ],
            "resource_group_name": "rg-dev-resource-eus",
            "tags": null,
            "timeouts": null,
            "virtual_machine_id": ""
          },
          "sensitive_attributes": [],
          "private": "eyJlMmJmYjczMC1lY2FhLTExZTYtOGY4OC0zNDM2M2JjN2M0YzAiOnsiY3JlYXRlIjoxODAwMDAwMDAwMDAwLCJkZWxldGUiOjE4MDAwMDAwMDAwMDAsInJlYWQiOjMwMDAwMDAwMDAwMCwidXBkYXRlIjoxODAwMDAwMDAwMDAwfX0=",
          "dependencies": [
            "azurerm_public_ip.public_ip",
            "data.azurerm_subnet.hub_subnet"
          ]
        }
      ]
    },
    {
      "mode": "managed",
      "type": "azurerm_public_ip",
      "name": "public_ip",
      "provider": "provider[\"registry.terraform.io/hashicorp/azurerm\"]",
      "instances": [
        {
          "schema_version": 0,
          "attributes": {
            "allocation_method": "Static",
            "ddos_protection_mode": "VirtualNetworkInherited",
            "ddos_protection_plan_id": null,
            "domain_name_label": null,
            "edge_zone": "",
            "fqdn": null,
            "id": "/subscriptions/9111ac6a-7e88-4f94-82b3-fd50d8d4c99b/resourceGroups/rg-dev-resource-eus/providers/Microsoft.Network/publicIPAddresses/project_public_ip",
            "idle_timeout_in_minutes": 4,
            "ip_address": "20.232.186.231",
            "ip_tags": null,
            "ip_version": "IPv4",
            "location": "eastus",
            "name": "project_public_ip",
            "public_ip_prefix_id": null,
            "resource_group_name": "rg-dev-resource-eus",
            "reverse_fqdn": null,
            "sku": "Standard",
            "sku_tier": "Regional",
            "tags": null,
            "timeouts": null,
            "zones": null
          },
          "sensitive_attributes": [],
          "private": "eyJlMmJmYjczMC1lY2FhLTExZTYtOGY4OC0zNDM2M2JjN2M0YzAiOnsiY3JlYXRlIjoxODAwMDAwMDAwMDAwLCJkZWxldGUiOjE4MDAwMDAwMDAwMDAsInJlYWQiOjMwMDAwMDAwMDAwMCwidXBkYXRlIjoxODAwMDAwMDAwMDAwfX0="
        }
      ]
    }
  ],
  "check_results": null
}
